
Microsoft Visual Studio Solution File, Format Version 12.00
# Visual Studio Version 17
VisualStudioVersion = 17.0.31903.59
MinimumVisualStudioVersion = 10.0.40219.1
Project("{2150E333-8FDC-42A3-9474-1A3956D46DE8}") = "Core", "Core", "{9D60BF15-4E0E-4B01-B488-FFD58BF3D796}"
EndProject
Project("{FAE04EC0-301F-11D3-BF4B-00C04F79EFBC}") = "Domain", "Core\Domain\Domain.csproj", "{4AAB637E-89F5-45A1-9B3D-55D8B962BE55}"
EndProject
Project("{2150E333-8FDC-42A3-9474-1A3956D46DE8}") = "Persistence", "Persistence", "{FD44DE43-F811-43CD-A1D3-C31411CC2EE8}"
EndProject
Project("{FAE04EC0-301F-11D3-BF4B-00C04F79EFBC}") = "Infrastructure", "Persistence\Infrastructure\Infrastructure.csproj", "{BFC89EB0-1045-424B-AC4D-0B29E314C8E3}"
EndProject
Global
	GlobalSection(SolutionConfigurationPlatforms) = preSolution
		Debug|Any CPU = Debug|Any CPU
		Debug|x64 = Debug|x64
		Debug|x86 = Debug|x86
		Release|Any CPU = Release|Any CPU
		Release|x64 = Release|x64
		Release|x86 = Release|x86
	EndGlobalSection
	GlobalSection(ProjectConfigurationPlatforms) = postSolution
		{4AAB637E-89F5-45A1-9B3D-55D8B962BE55}.Debug|Any CPU.ActiveCfg = Debug|Any CPU
		{4AAB637E-89F5-45A1-9B3D-55D8B962BE55}.Debug|Any CPU.Build.0 = Debug|Any CPU
		{4AAB637E-89F5-45A1-9B3D-55D8B962BE55}.Debug|x64.ActiveCfg = Debug|Any CPU
		{4AAB637E-89F5-45A1-9B3D-55D8B962BE55}.Debug|x64.Build.0 = Debug|Any CPU
		{4AAB637E-89F5-45A1-9B3D-55D8B962BE55}.Debug|x86.ActiveCfg = Debug|Any CPU
		{4AAB637E-89F5-45A1-9B3D-55D8B962BE55}.Debug|x86.Build.0 = Debug|Any CPU
		{4AAB637E-89F5-45A1-9B3D-55D8B962BE55}.Release|Any CPU.ActiveCfg = Release|Any CPU
		{4AAB637E-89F5-45A1-9B3D-55D8B962BE55}.Release|Any CPU.Build.0 = Release|Any CPU
		{4AAB637E-89F5-45A1-9B3D-55D8B962BE55}.Release|x64.ActiveCfg = Release|Any CPU
		{4AAB637E-89F5-45A1-9B3D-55D8B962BE55}.Release|x64.Build.0 = Release|Any CPU
		{4AAB637E-89F5-45A1-9B3D-55D8B962BE55}.Release|x86.ActiveCfg = Release|Any CPU
		{4AAB637E-89F5-45A1-9B3D-55D8B962BE55}.Release|x86.Build.0 = Release|Any CPU
		{BFC89EB0-1045-424B-AC4D-0B29E314C8E3}.Debug|Any CPU.ActiveCfg = Debug|Any CPU
		{BFC89EB0-1045-424B-AC4D-0B29E314C8E3}.Debug|Any CPU.Build.0 = Debug|Any CPU
		{BFC89EB0-1045-424B-AC4D-0B29E314C8E3}.Debug|x64.ActiveCfg = Debug|Any CPU
		{BFC89EB0-1045-424B-AC4D-0B29E314C8E3}.Debug|x64.Build.0 = Debug|Any CPU
		{BFC89EB0-1045-424B-AC4D-0B29E314C8E3}.Debug|x86.ActiveCfg = Debug|Any CPU
		{BFC89EB0-1045-424B-AC4D-0B29E314C8E3}.Debug|x86.Build.0 = Debug|Any CPU
		{BFC89EB0-1045-424B-AC4D-0B29E314C8E3}.Release|Any CPU.ActiveCfg = Release|Any CPU
		{BFC89EB0-1045-424B-AC4D-0B29E314C8E3}.Release|Any CPU.Build.0 = Release|Any CPU
		{BFC89EB0-1045-424B-AC4D-0B29E314C8E3}.Release|x64.ActiveCfg = Release|Any CPU
		{BFC89EB0-1045-424B-AC4D-0B29E314C8E3}.Release|x64.Build.0 = Release|Any CPU
		{BFC89EB0-1045-424B-AC4D-0B29E314C8E3}.Release|x86.ActiveCfg = Release|Any CPU
		{BFC89EB0-1045-424B-AC4D-0B29E314C8E3}.Release|x86.Build.0 = Release|Any CPU
	EndGlobalSection
	GlobalSection(SolutionProperties) = preSolution
		HideSolutionNode = FALSE
	EndGlobalSection
	GlobalSection(NestedProjects) = preSolution
		{4AAB637E-89F5-45A1-9B3D-55D8B962BE55} = {9D60BF15-4E0E-4B01-B488-FFD58BF3D796}
		{BFC89EB0-1045-424B-AC4D-0B29E314C8E3} = {FD44DE43-F811-43CD-A1D3-C31411CC2EE8}
	EndGlobalSection
EndGlobal
